// !$*UTF8*$!
{
	archiveVersion = 1;
	classes = {
	};
	objectVersion = 56;
	objects = {

/* Begin PBXBuildFile section */
		2A1241FF2BF05FB1001792C7 /* GoodDogApp.swift in Sources */ = {isa = PBXBuildFile; fileRef = 2A1241FE2BF05FB1001792C7 /* GoodDogApp.swift */; };
		2A1242012BF05FB1001792C7 /* DogListView.swift in Sources */ = {isa = PBXBuildFile; fileRef = 2A1242002BF05FB1001792C7 /* DogListView.swift */; };
		2A1242032BF05FB3001792C7 /* Assets.xcassets in Resources */ = {isa = PBXBuildFile; fileRef = 2A1242022BF05FB3001792C7 /* Assets.xcassets */; };
		2A1242072BF05FB3001792C7 /* Preview Assets.xcassets in Resources */ = {isa = PBXBuildFile; fileRef = 2A1242062BF05FB3001792C7 /* Preview Assets.xcassets */; };
		2A12420F2BF05FF2001792C7 /* DogModel.swift in Sources */ = {isa = PBXBuildFile; fileRef = 2A12420E2BF05FF2001792C7 /* DogModel.swift */; };
		2A359B3D2C0D847C00E2DC7C /* BreedModel.swift in Sources */ = {isa = PBXBuildFile; fileRef = 2A359B3C2C0D847C00E2DC7C /* BreedModel.swift */; };
		2A359B3F2C0D84BA00E2DC7C /* ParkModel.swift in Sources */ = {isa = PBXBuildFile; fileRef = 2A359B3E2C0D84BA00E2DC7C /* ParkModel.swift */; };
		2A97F9F82C22794800E9DA3E /* AllNewDogs.swift in Sources */ = {isa = PBXBuildFile; fileRef = 2A97F9F72C22794800E9DA3E /* AllNewDogs.swift */; };
		2ABBBC922C042ECC00065BB8 /* NewDogView.swift in Sources */ = {isa = PBXBuildFile; fileRef = 2ABBBC912C042ECC00065BB8 /* NewDogView.swift */; };
		2ABBBC942C04577C00065BB8 /* EditDogView.swift in Sources */ = {isa = PBXBuildFile; fileRef = 2ABBBC932C04577C00065BB8 /* EditDogView.swift */; };
		2ADC4A6C2C10025B00A54EE5 /* NewParkView.swift in Sources */ = {isa = PBXBuildFile; fileRef = 2ADC4A642C10025B00A54EE5 /* NewParkView.swift */; };
		2ADC4A6D2C10025B00A54EE5 /* ParkStackView.swift in Sources */ = {isa = PBXBuildFile; fileRef = 2ADC4A652C10025B00A54EE5 /* ParkStackView.swift */; };
		2ADC4A6E2C10025B00A54EE5 /* ParksView.swift in Sources */ = {isa = PBXBuildFile; fileRef = 2ADC4A662C10025B00A54EE5 /* ParksView.swift */; };
		2ADC4A6F2C10025B00A54EE5 /* BreedListView.swift in Sources */ = {isa = PBXBuildFile; fileRef = 2ADC4A682C10025B00A54EE5 /* BreedListView.swift */; };
		2ADC4A702C10025B00A54EE5 /* EditBreedView.swift in Sources */ = {isa = PBXBuildFile; fileRef = 2ADC4A692C10025B00A54EE5 /* EditBreedView.swift */; };
		2ADC4A712C10025B00A54EE5 /* NewBreedView.swift in Sources */ = {isa = PBXBuildFile; fileRef = 2ADC4A6A2C10025B00A54EE5 /* NewBreedView.swift */; };
		2ADC4A752C10068F00A54EE5 /* DogList.swift in Sources */ = {isa = PBXBuildFile; fileRef = 2ADC4A742C10068F00A54EE5 /* DogList.swift */; };
		2ADC4A782C101D4500A54EE5 /* SortOrder.swift in Sources */ = {isa = PBXBuildFile; fileRef = 2ADC4A772C101D4500A54EE5 /* SortOrder.swift */; };
		2ADC4A7A2C11631500A54EE5 /* BreedPicker.swift in Sources */ = {isa = PBXBuildFile; fileRef = 2ADC4A792C11631500A54EE5 /* BreedPicker.swift */; };
/* End PBXBuildFile section */

/* Begin PBXFileReference section */
		2A1241FB2BF05FB1001792C7 /* GoodDog.app */ = {isa = PBXFileReference; explicitFileType = wrapper.application; includeInIndex = 0; path = GoodDog.app; sourceTree = BUILT_PRODUCTS_DIR; };
		2A1241FE2BF05FB1001792C7 /* GoodDogApp.swift */ = {isa = PBXFileReference; lastKnownFileType = sourcecode.swift; path = GoodDogApp.swift; sourceTree = "<group>"; };
		2A1242002BF05FB1001792C7 /* DogListView.swift */ = {isa = PBXFileReference; lastKnownFileType = sourcecode.swift; path = DogListView.swift; sourceTree = "<group>"; };
		2A1242022BF05FB3001792C7 /* Assets.xcassets */ = {isa = PBXFileReference; lastKnownFileType = folder.assetcatalog; path = Assets.xcassets; sourceTree = "<group>"; };
		2A1242042BF05FB3001792C7 /* GoodDog.entitlements */ = {isa = PBXFileReference; lastKnownFileType = text.plist.entitlements; path = GoodDog.entitlements; sourceTree = "<group>"; };
		2A1242062BF05FB3001792C7 /* Preview Assets.xcassets */ = {isa = PBXFileReference; lastKnownFileType = folder.assetcatalog; path = "Preview Assets.xcassets"; sourceTree = "<group>"; };
		2A12420E2BF05FF2001792C7 /* DogModel.swift */ = {isa = PBXFileReference; lastKnownFileType = sourcecode.swift; path = DogModel.swift; sourceTree = "<group>"; };
		2A359B3C2C0D847C00E2DC7C /* BreedModel.swift */ = {isa = PBXFileReference; lastKnownFileType = sourcecode.swift; path = BreedModel.swift; sourceTree = "<group>"; };
		2A359B3E2C0D84BA00E2DC7C /* ParkModel.swift */ = {isa = PBXFileReference; lastKnownFileType = sourcecode.swift; path = ParkModel.swift; sourceTree = "<group>"; };
		2A97F9F72C22794800E9DA3E /* AllNewDogs.swift */ = {isa = PBXFileReference; lastKnownFileType = sourcecode.swift; path = AllNewDogs.swift; sourceTree = "<group>"; };
		2AA231352C030BEE003A9DC7 /* Info.plist */ = {isa = PBXFileReference; lastKnownFileType = text.plist; path = Info.plist; sourceTree = "<group>"; };
		2ABBBC912C042ECC00065BB8 /* NewDogView.swift */ = {isa = PBXFileReference; fileEncoding = 4; lastKnownFileType = sourcecode.swift; path = NewDogView.swift; sourceTree = "<group>"; };
		2ABBBC932C04577C00065BB8 /* EditDogView.swift */ = {isa = PBXFileReference; fileEncoding = 4; lastKnownFileType = sourcecode.swift; path = EditDogView.swift; sourceTree = "<group>"; };
		2ADC4A642C10025B00A54EE5 /* NewParkView.swift */ = {isa = PBXFileReference; fileEncoding = 4; lastKnownFileType = sourcecode.swift; path = NewParkView.swift; sourceTree = "<group>"; };
		2ADC4A652C10025B00A54EE5 /* ParkStackView.swift */ = {isa = PBXFileReference; fileEncoding = 4; lastKnownFileType = sourcecode.swift; path = ParkStackView.swift; sourceTree = "<group>"; };
		2ADC4A662C10025B00A54EE5 /* ParksView.swift */ = {isa = PBXFileReference; fileEncoding = 4; lastKnownFileType = sourcecode.swift; path = ParksView.swift; sourceTree = "<group>"; };
		2ADC4A682C10025B00A54EE5 /* BreedListView.swift */ = {isa = PBXFileReference; fileEncoding = 4; lastKnownFileType = sourcecode.swift; path = BreedListView.swift; sourceTree = "<group>"; };
		2ADC4A692C10025B00A54EE5 /* EditBreedView.swift */ = {isa = PBXFileReference; fileEncoding = 4; lastKnownFileType = sourcecode.swift; path = EditBreedView.swift; sourceTree = "<group>"; };
		2ADC4A6A2C10025B00A54EE5 /* NewBreedView.swift */ = {isa = PBXFileReference; fileEncoding = 4; lastKnownFileType = sourcecode.swift; path = NewBreedView.swift; sourceTree = "<group>"; };
		2ADC4A742C10068F00A54EE5 /* DogList.swift */ = {isa = PBXFileReference; lastKnownFileType = sourcecode.swift; path = DogList.swift; sourceTree = "<group>"; };
		2ADC4A772C101D4500A54EE5 /* SortOrder.swift */ = {isa = PBXFileReference; lastKnownFileType = sourcecode.swift; path = SortOrder.swift; sourceTree = "<group>"; };
		2ADC4A792C11631500A54EE5 /* BreedPicker.swift */ = {isa = PBXFileReference; lastKnownFileType = sourcecode.swift; path = BreedPicker.swift; sourceTree = "<group>"; };
/* End PBXFileReference section */

/* Begin PBXFrameworksBuildPhase section */
		2A1241F82BF05FB1001792C7 /* Frameworks */ = {
			isa = PBXFrameworksBuildPhase;
			buildActionMask = 2147483647;
			files = (
			);
			runOnlyForDeploymentPostprocessing = 0;
		};
/* End PBXFrameworksBuildPhase section */

/* Begin PBXGroup section */
		2A1241F22BF05FB1001792C7 = {
			isa = PBXGroup;
			children = (
				2A1241FD2BF05FB1001792C7 /* GoodDog */,
				2A1241FC2BF05FB1001792C7 /* Products */,
			);
			sourceTree = "<group>";
		};
		2A1241FC2BF05FB1001792C7 /* Products */ = {
			isa = PBXGroup;
			children = (
				2A1241FB2BF05FB1001792C7 /* GoodDog.app */,
			);
			name = Products;
			sourceTree = "<group>";
		};
		2A1241FD2BF05FB1001792C7 /* GoodDog */ = {
			isa = PBXGroup;
			children = (
				2ADC4A762C101D2D00A54EE5 /* Enumerations */,
				2ADC4A6B2C10025B00A54EE5 /* Breeds */,
				2ADC4A672C10025B00A54EE5 /* Parks */,
				2AA231352C030BEE003A9DC7 /* Info.plist */,
				2A1242102BF06084001792C7 /* Views */,
				2A12420D2BF05FC2001792C7 /* Models */,
				2A1241FE2BF05FB1001792C7 /* GoodDogApp.swift */,
				2A1242022BF05FB3001792C7 /* Assets.xcassets */,
				2A1242042BF05FB3001792C7 /* GoodDog.entitlements */,
				2A1242052BF05FB3001792C7 /* Preview Content */,
			);
			path = GoodDog;
			sourceTree = "<group>";
		};
		2A1242052BF05FB3001792C7 /* Preview Content */ = {
			isa = PBXGroup;
			children = (
				2A1242062BF05FB3001792C7 /* Preview Assets.xcassets */,
			);
			path = "Preview Content";
			sourceTree = "<group>";
		};
		2A12420D2BF05FC2001792C7 /* Models */ = {
			isa = PBXGroup;
			children = (
				2A12420E2BF05FF2001792C7 /* DogModel.swift */,
				2A359B3C2C0D847C00E2DC7C /* BreedModel.swift */,
				2A359B3E2C0D84BA00E2DC7C /* ParkModel.swift */,
			);
			path = Models;
			sourceTree = "<group>";
		};
		2A1242102BF06084001792C7 /* Views */ = {
			isa = PBXGroup;
			children = (
				2A1242002BF05FB1001792C7 /* DogListView.swift */,
				2ABBBC932C04577C00065BB8 /* EditDogView.swift */,
				2ABBBC912C042ECC00065BB8 /* NewDogView.swift */,
				2ADC4A742C10068F00A54EE5 /* DogList.swift */,
				2ADC4A792C11631500A54EE5 /* BreedPicker.swift */,
				2A97F9F72C22794800E9DA3E /* AllNewDogs.swift */,
			);
			path = Views;
			sourceTree = "<group>";
		};
		2ADC4A672C10025B00A54EE5 /* Parks */ = {
			isa = PBXGroup;
			children = (
				2ADC4A642C10025B00A54EE5 /* NewParkView.swift */,
				2ADC4A652C10025B00A54EE5 /* ParkStackView.swift */,
				2ADC4A662C10025B00A54EE5 /* ParksView.swift */,
			);
			path = Parks;
			sourceTree = "<group>";
		};
		2ADC4A6B2C10025B00A54EE5 /* Breeds */ = {
			isa = PBXGroup;
			children = (
				2ADC4A682C10025B00A54EE5 /* BreedListView.swift */,
				2ADC4A692C10025B00A54EE5 /* EditBreedView.swift */,
				2ADC4A6A2C10025B00A54EE5 /* NewBreedView.swift */,
			);
			path = Breeds;
			sourceTree = "<group>";
		};
		2ADC4A762C101D2D00A54EE5 /* Enumerations */ = {
			isa = PBXGroup;
			children = (
				2ADC4A772C101D4500A54EE5 /* SortOrder.swift */,
			);
			path = Enumerations;
			sourceTree = "<group>";
		};
/* End PBXGroup section */

/* Begin PBXNativeTarget section */
		2A1241FA2BF05FB1001792C7 /* GoodDog */ = {
			isa = PBXNativeTarget;
			buildConfigurationList = 2A12420A2BF05FB3001792C7 /* Build configuration list for PBXNativeTarget "GoodDog" */;
			buildPhases = (
				2A1241F72BF05FB1001792C7 /* Sources */,
				2A1241F82BF05FB1001792C7 /* Frameworks */,
				2A1241F92BF05FB1001792C7 /* Resources */,
			);
			buildRules = (
			);
			dependencies = (
			);
			name = GoodDog;
			productName = GoodDog;
			productReference = 2A1241FB2BF05FB1001792C7 /* GoodDog.app */;
			productType = "com.apple.product-type.application";
		};
/* End PBXNativeTarget section */

/* Begin PBXProject section */
		2A1241F32BF05FB1001792C7 /* Project object */ = {
			isa = PBXProject;
			attributes = {
				BuildIndependentTargetsInParallel = 1;
				LastSwiftUpdateCheck = 1530;
				LastUpgradeCheck = 1530;
				TargetAttributes = {
					2A1241FA2BF05FB1001792C7 = {
						CreatedOnToolsVersion = 15.3;
					};
				};
			};
			buildConfigurationList = 2A1241F62BF05FB1001792C7 /* Build configuration list for PBXProject "GoodDog" */;
			compatibilityVersion = "Xcode 14.0";
			developmentRegion = en;
			hasScannedForEncodings = 0;
			knownRegions = (
				en,
				Base,
			);
			mainGroup = 2A1241F22BF05FB1001792C7;
			productRefGroup = 2A1241FC2BF05FB1001792C7 /* Products */;
			projectDirPath = "";
			projectRoot = "";
			targets = (
				2A1241FA2BF05FB1001792C7 /* GoodDog */,
			);
		};
/* End PBXProject section */

/* Begin PBXResourcesBuildPhase section */
		2A1241F92BF05FB1001792C7 /* Resources */ = {
			isa = PBXResourcesBuildPhase;
			buildActionMask = 2147483647;
			files = (
				2A1242072BF05FB3001792C7 /* Preview Assets.xcassets in Resources */,
				2A1242032BF05FB3001792C7 /* Assets.xcassets in Resources */,
			);
			runOnlyForDeploymentPostprocessing = 0;
		};
/* End PBXResourcesBuildPhase section */

/* Begin PBXSourcesBuildPhase section */
		2A1241F72BF05FB1001792C7 /* Sources */ = {
			isa = PBXSourcesBuildPhase;
			buildActionMask = 2147483647;
			files = (
				2A359B3F2C0D84BA00E2DC7C /* ParkModel.swift in Sources */,
				2ADC4A702C10025B00A54EE5 /* EditBreedView.swift in Sources */,
				2A359B3D2C0D847C00E2DC7C /* BreedModel.swift in Sources */,
				2A1242012BF05FB1001792C7 /* DogListView.swift in Sources */,
				2A97F9F82C22794800E9DA3E /* AllNewDogs.swift in Sources */,
				2ADC4A752C10068F00A54EE5 /* DogList.swift in Sources */,
				2A1241FF2BF05FB1001792C7 /* GoodDogApp.swift in Sources */,
				2ADC4A6D2C10025B00A54EE5 /* ParkStackView.swift in Sources */,
				2ABBBC922C042ECC00065BB8 /* NewDogView.swift in Sources */,
				2ADC4A6F2C10025B00A54EE5 /* BreedListView.swift in Sources */,
				2A12420F2BF05FF2001792C7 /* DogModel.swift in Sources */,
				2ADC4A782C101D4500A54EE5 /* SortOrder.swift in Sources */,
				2ADC4A712C10025B00A54EE5 /* NewBreedView.swift in Sources */,
				2ADC4A7A2C11631500A54EE5 /* BreedPicker.swift in Sources */,
				2ABBBC942C04577C00065BB8 /* EditDogView.swift in Sources */,
				2ADC4A6E2C10025B00A54EE5 /* ParksView.swift in Sources */,
				2ADC4A6C2C10025B00A54EE5 /* NewParkView.swift in Sources */,
			);
			runOnlyForDeploymentPostprocessing = 0;
		};
/* End PBXSourcesBuildPhase section */

/* Begin XCBuildConfiguration section */
		2A1242082BF05FB3001792C7 /* Debug */ = {
			isa = XCBuildConfiguration;
			buildSettings = {
				ALWAYS_SEARCH_USER_PATHS = NO;
				ASSETCATALOG_COMPILER_GENERATE_SWIFT_ASSET_SYMBOL_EXTENSIONS = YES;
				CLANG_ANALYZER_NONNULL = YES;
				CLANG_ANALYZER_NUMBER_OBJECT_CONVERSION = YES_AGGRESSIVE;
				CLANG_CXX_LANGUAGE_STANDARD = "gnu++20";
				CLANG_ENABLE_MODULES = YES;
				CLANG_ENABLE_OBJC_ARC = YES;
				CLANG_ENABLE_OBJC_WEAK = YES;
				CLANG_WARN_BLOCK_CAPTURE_AUTORELEASING = YES;
				CLANG_WARN_BOOL_CONVERSION = YES;
				CLANG_WARN_COMMA = YES;
				CLANG_WARN_CONSTANT_CONVERSION = YES;
				CLANG_WARN_DEPRECATED_OBJC_IMPLEMENTATIONS = YES;
				CLANG_WARN_DIRECT_OBJC_ISA_USAGE = YES_ERROR;
				CLANG_WARN_DOCUMENTATION_COMMENTS = YES;
				CLANG_WARN_EMPTY_BODY = YES;
				CLANG_WARN_ENUM_CONVERSION = YES;
				CLANG_WARN_INFINITE_RECURSION = YES;
				CLANG_WARN_INT_CONVERSION = YES;
				CLANG_WARN_NON_LITERAL_NULL_CONVERSION = YES;
				CLANG_WARN_OBJC_IMPLICIT_RETAIN_SELF = YES;
				CLANG_WARN_OBJC_LITERAL_CONVERSION = YES;
				CLANG_WARN_OBJC_ROOT_CLASS = YES_ERROR;
				CLANG_WARN_QUOTED_INCLUDE_IN_FRAMEWORK_HEADER = YES;
				CLANG_WARN_RANGE_LOOP_ANALYSIS = YES;
				CLANG_WARN_STRICT_PROTOTYPES = YES;
				CLANG_WARN_SUSPICIOUS_MOVE = YES;
				CLANG_WARN_UNGUARDED_AVAILABILITY = YES_AGGRESSIVE;
				CLANG_WARN_UNREACHABLE_CODE = YES;
				CLANG_WARN__DUPLICATE_METHOD_MATCH = YES;
				COPY_PHASE_STRIP = NO;
				DEBUG_INFORMATION_FORMAT = dwarf;
				ENABLE_STRICT_OBJC_MSGSEND = YES;
				ENABLE_TESTABILITY = YES;
				ENABLE_USER_SCRIPT_SANDBOXING = YES;
				GCC_C_LANGUAGE_STANDARD = gnu17;
				GCC_DYNAMIC_NO_PIC = NO;
				GCC_NO_COMMON_BLOCKS = YES;
				GCC_OPTIMIZATION_LEVEL = 0;
				GCC_PREPROCESSOR_DEFINITIONS = (
					"DEBUG=1",
					"$(inherited)",
				);
				GCC_WARN_64_TO_32_BIT_CONVERSION = YES;
				GCC_WARN_ABOUT_RETURN_TYPE = YES_ERROR;
				GCC_WARN_UNDECLARED_SELECTOR = YES;
				GCC_WARN_UNINITIALIZED_AUTOS = YES_AGGRESSIVE;
				GCC_WARN_UNUSED_FUNCTION = YES;
				GCC_WARN_UNUSED_VARIABLE = YES;
				LOCALIZATION_PREFERS_STRING_CATALOGS = YES;
				MTL_ENABLE_DEBUG_INFO = INCLUDE_SOURCE;
				MTL_FAST_MATH = YES;
				ONLY_ACTIVE_ARCH = YES;
				SWIFT_ACTIVE_COMPILATION_CONDITIONS = "DEBUG $(inherited)";
				SWIFT_OPTIMIZATION_LEVEL = "-Onone";
			};
			name = Debug;
		};
		2A1242092BF05FB3001792C7 /* Release */ = {
			isa = XCBuildConfiguration;
			buildSettings = {
				ALWAYS_SEARCH_USER_PATHS = NO;
				ASSETCATALOG_COMPILER_GENERATE_SWIFT_ASSET_SYMBOL_EXTENSIONS = YES;
				CLANG_ANALYZER_NONNULL = YES;
				CLANG_ANALYZER_NUMBER_OBJECT_CONVERSION = YES_AGGRESSIVE;
				CLANG_CXX_LANGUAGE_STANDARD = "gnu++20";
				CLANG_ENABLE_MODULES = YES;
				CLANG_ENABLE_OBJC_ARC = YES;
				CLANG_ENABLE_OBJC_WEAK = YES;
				CLANG_WARN_BLOCK_CAPTURE_AUTORELEASING = YES;
				CLANG_WARN_BOOL_CONVERSION = YES;
				CLANG_WARN_COMMA = YES;
				CLANG_WARN_CONSTANT_CONVERSION = YES;
				CLANG_WARN_DEPRECATED_OBJC_IMPLEMENTATIONS = YES;
				CLANG_WARN_DIRECT_OBJC_ISA_USAGE = YES_ERROR;
				CLANG_WARN_DOCUMENTATION_COMMENTS = YES;
				CLANG_WARN_EMPTY_BODY = YES;
				CLANG_WARN_ENUM_CONVERSION = YES;
				CLANG_WARN_INFINITE_RECURSION = YES;
				CLANG_WARN_INT_CONVERSION = YES;
				CLANG_WARN_NON_LITERAL_NULL_CONVERSION = YES;
				CLANG_WARN_OBJC_IMPLICIT_RETAIN_SELF = YES;
				CLANG_WARN_OBJC_LITERAL_CONVERSION = YES;
				CLANG_WARN_OBJC_ROOT_CLASS = YES_ERROR;
				CLANG_WARN_QUOTED_INCLUDE_IN_FRAMEWORK_HEADER = YES;
				CLANG_WARN_RANGE_LOOP_ANALYSIS = YES;
				CLANG_WARN_STRICT_PROTOTYPES = YES;
				CLANG_WARN_SUSPICIOUS_MOVE = YES;
				CLANG_WARN_UNGUARDED_AVAILABILITY = YES_AGGRESSIVE;
				CLANG_WARN_UNREACHABLE_CODE = YES;
				CLANG_WARN__DUPLICATE_METHOD_MATCH = YES;
				COPY_PHASE_STRIP = NO;
				DEBUG_INFORMATION_FORMAT = "dwarf-with-dsym";
				ENABLE_NS_ASSERTIONS = NO;
				ENABLE_STRICT_OBJC_MSGSEND = YES;
				ENABLE_USER_SCRIPT_SANDBOXING = YES;
				GCC_C_LANGUAGE_STANDARD = gnu17;
				GCC_NO_COMMON_BLOCKS = YES;
				GCC_WARN_64_TO_32_BIT_CONVERSION = YES;
				GCC_WARN_ABOUT_RETURN_TYPE = YES_ERROR;
				GCC_WARN_UNDECLARED_SELECTOR = YES;
				GCC_WARN_UNINITIALIZED_AUTOS = YES_AGGRESSIVE;
				GCC_WARN_UNUSED_FUNCTION = YES;
				GCC_WARN_UNUSED_VARIABLE = YES;
				LOCALIZATION_PREFERS_STRING_CATALOGS = YES;
				MTL_ENABLE_DEBUG_INFO = NO;
				MTL_FAST_MATH = YES;
				SWIFT_COMPILATION_MODE = wholemodule;
			};
			name = Release;
		};
		2A12420B2BF05FB3001792C7 /* Debug */ = {
			isa = XCBuildConfiguration;
			buildSettings = {
				ASSETCATALOG_COMPILER_APPICON_NAME = AppIcon;
				ASSETCATALOG_COMPILER_GLOBAL_ACCENT_COLOR_NAME = AccentColor;
				CODE_SIGN_ENTITLEMENTS = GoodDog/GoodDog.entitlements;
				CODE_SIGN_STYLE = Manual;
				CURRENT_PROJECT_VERSION = 1;
				DEVELOPMENT_ASSET_PATHS = "\"GoodDog/Preview Content\"";
				DEVELOPMENT_TEAM = "";
				ENABLE_HARDENED_RUNTIME = YES;
				ENABLE_PREVIEWS = YES;
				GENERATE_INFOPLIST_FILE = YES;
				INFOPLIST_FILE = GoodDog/Info.plist;
				"INFOPLIST_KEY_UIApplicationSceneManifest_Generation[sdk=iphoneos*]" = YES;
				"INFOPLIST_KEY_UIApplicationSceneManifest_Generation[sdk=iphonesimulator*]" = YES;
				"INFOPLIST_KEY_UIApplicationSupportsIndirectInputEvents[sdk=iphoneos*]" = YES;
				"INFOPLIST_KEY_UIApplicationSupportsIndirectInputEvents[sdk=iphonesimulator*]" = YES;
				"INFOPLIST_KEY_UILaunchScreen_Generation[sdk=iphoneos*]" = YES;
				"INFOPLIST_KEY_UILaunchScreen_Generation[sdk=iphonesimulator*]" = YES;
				"INFOPLIST_KEY_UIStatusBarStyle[sdk=iphoneos*]" = UIStatusBarStyleDefault;
				"INFOPLIST_KEY_UIStatusBarStyle[sdk=iphonesimulator*]" = UIStatusBarStyleDefault;
				INFOPLIST_KEY_UISupportedInterfaceOrientations_iPad = "UIInterfaceOrientationPortrait UIInterfaceOrientationPortraitUpsideDown UIInterfaceOrientationLandscapeLeft UIInterfaceOrientationLandscapeRight";
				INFOPLIST_KEY_UISupportedInterfaceOrientations_iPhone = "UIInterfaceOrientationPortrait UIInterfaceOrientationLandscapeLeft UIInterfaceOrientationLandscapeRight";
				IPHONEOS_DEPLOYMENT_TARGET = 17.4;
				LD_RUNPATH_SEARCH_PATHS = "@executable_path/Frameworks";
				"LD_RUNPATH_SEARCH_PATHS[sdk=macosx*]" = "@executable_path/../Frameworks";
				MACOSX_DEPLOYMENT_TARGET = 14.4;
				MARKETING_VERSION = 1.0;
				PRODUCT_BUNDLE_IDENTIFIER = com.kodeco.GoodDog;
				PRODUCT_NAME = "$(TARGET_NAME)";
				PROVISIONING_PROFILE_SPECIFIER = "";
				SDKROOT = auto;
				SUPPORTED_PLATFORMS = "iphoneos iphonesimulator macosx";
				SWIFT_EMIT_LOC_STRINGS = YES;
				SWIFT_VERSION = 5.0;
				TARGETED_DEVICE_FAMILY = "1,2";
			};
			name = Debug;
		};
		2A12420C2BF05FB3001792C7 /* Release */ = {
			isa = XCBuildConfiguration;
			buildSettings = {
				ASSETCATALOG_COMPILER_APPICON_NAME = AppIcon;
				ASSETCATALOG_COMPILER_GLOBAL_ACCENT_COLOR_NAME = AccentColor;
				CODE_SIGN_ENTITLEMENTS = GoodDog/GoodDog.entitlements;
				CODE_SIGN_STYLE = Manual;
				CURRENT_PROJECT_VERSION = 1;
				DEVELOPMENT_ASSET_PATHS = "\"GoodDog/Preview Content\"";
				DEVELOPMENT_TEAM = "";
				ENABLE_HARDENED_RUNTIME = YES;
				ENABLE_PREVIEWS = YES;
				GENERATE_INFOPLIST_FILE = YES;
				INFOPLIST_FILE = GoodDog/Info.plist;
				"INFOPLIST_KEY_UIApplicationSceneManifest_Generation[sdk=iphoneos*]" = YES;
				"INFOPLIST_KEY_UIApplicationSceneManifest_Generation[sdk=iphonesimulator*]" = YES;
				"INFOPLIST_KEY_UIApplicationSupportsIndirectInputEvents[sdk=iphoneos*]" = YES;
				"INFOPLIST_KEY_UIApplicationSupportsIndirectInputEvents[sdk=iphonesimulator*]" = YES;
				"INFOPLIST_KEY_UILaunchScreen_Generation[sdk=iphoneos*]" = YES;
				"INFOPLIST_KEY_UILaunchScreen_Generation[sdk=iphonesimulator*]" = YES;
				"INFOPLIST_KEY_UIStatusBarStyle[sdk=iphoneos*]" = UIStatusBarStyleDefault;
				"INFOPLIST_KEY_UIStatusBarStyle[sdk=iphonesimulator*]" = UIStatusBarStyleDefault;
				INFOPLIST_KEY_UISupportedInterfaceOrientations_iPad = "UIInterfaceOrientationPortrait UIInterfaceOrientationPortraitUpsideDown UIInterfaceOrientationLandscapeLeft UIInterfaceOrientationLandscapeRight";
				INFOPLIST_KEY_UISupportedInterfaceOrientations_iPhone = "UIInterfaceOrientationPortrait UIInterfaceOrientationLandscapeLeft UIInterfaceOrientationLandscapeRight";
				IPHONEOS_DEPLOYMENT_TARGET = 17.4;
				LD_RUNPATH_SEARCH_PATHS = "@executable_path/Frameworks";
				"LD_RUNPATH_SEARCH_PATHS[sdk=macosx*]" = "@executable_path/../Frameworks";
				MACOSX_DEPLOYMENT_TARGET = 14.4;
				MARKETING_VERSION = 1.0;
				PRODUCT_BUNDLE_IDENTIFIER = com.kodeco.GoodDog;
				PRODUCT_NAME = "$(TARGET_NAME)";
				PROVISIONING_PROFILE_SPECIFIER = "";
				SDKROOT = auto;
				SUPPORTED_PLATFORMS = "iphoneos iphonesimulator macosx";
				SWIFT_EMIT_LOC_STRINGS = YES;
				SWIFT_VERSION = 5.0;
				TARGETED_DEVICE_FAMILY = "1,2";
			};
			name = Release;
		};
/* End XCBuildConfiguration section */

/* Begin XCConfigurationList section */
		2A1241F62BF05FB1001792C7 /* Build configuration list for PBXProject "GoodDog" */ = {
			isa = XCConfigurationList;
			buildConfigurations = (
				2A1242082BF05FB3001792C7 /* Debug */,
				2A1242092BF05FB3001792C7 /* Release */,
			);
			defaultConfigurationIsVisible = 0;
			defaultConfigurationName = Release;
		};
		2A12420A2BF05FB3001792C7 /* Build configuration list for PBXNativeTarget "GoodDog" */ = {
			isa = XCConfigurationList;
			buildConfigurations = (
				2A12420B2BF05FB3001792C7 /* Debug */,
				2A12420C2BF05FB3001792C7 /* Release */,
			);
			defaultConfigurationIsVisible = 0;
			defaultConfigurationName = Release;
		};
/* End XCConfigurationList section */
	};
	rootObject = 2A1241F32BF05FB1001792C7 /* Project object */;
}
